
Microsoft Visual Studio Solution File, Format Version 11.00
# Visual Studio 2010
Project("{FAE04EC0-301F-11D3-BF4B-00C04F79EFBC}") = "ServerSent", "ServerSent\ServerSent.csproj", "{BD0BD4B0-8C38-49DA-846F-9D77AF2695D9}"
EndProject
Project("{FAE04EC0-301F-11D3-BF4B-00C04F79EFBC}") = "ServerSent.Tests", "ServerSent.Tests\ServerSent.Tests.csproj", "{9783FA93-C30E-4E32-9335-41CE525703DB}"
EndProject
Project("{FAE04EC0-301F-11D3-BF4B-00C04F79EFBC}") = "ServerSent.Examples.Mvc", "ServerSent.Examples.Mvc\ServerSent.Examples.Mvc.csproj", "{82F35B80-5E7E-4886-8357-2B10163EB40D}"
EndProject
Global
	GlobalSection(SolutionConfigurationPlatforms) = preSolution
		Debug|Any CPU = Debug|Any CPU
		Release|Any CPU = Release|Any CPU
	EndGlobalSection
	GlobalSection(ProjectConfigurationPlatforms) = postSolution
		{BD0BD4B0-8C38-49DA-846F-9D77AF2695D9}.Debug|Any CPU.ActiveCfg = Debug|Any CPU
		{BD0BD4B0-8C38-49DA-846F-9D77AF2695D9}.Debug|Any CPU.Build.0 = Debug|Any CPU
		{BD0BD4B0-8C38-49DA-846F-9D77AF2695D9}.Release|Any CPU.ActiveCfg = Release|Any CPU
		{BD0BD4B0-8C38-49DA-846F-9D77AF2695D9}.Release|Any CPU.Build.0 = Release|Any CPU
		{9783FA93-C30E-4E32-9335-41CE525703DB}.Debug|Any CPU.ActiveCfg = Debug|Any CPU
		{9783FA93-C30E-4E32-9335-41CE525703DB}.Debug|Any CPU.Build.0 = Debug|Any CPU
		{9783FA93-C30E-4E32-9335-41CE525703DB}.Release|Any CPU.ActiveCfg = Release|Any CPU
		{9783FA93-C30E-4E32-9335-41CE525703DB}.Release|Any CPU.Build.0 = Release|Any CPU
		{82F35B80-5E7E-4886-8357-2B10163EB40D}.Debug|Any CPU.ActiveCfg = Debug|Any CPU
		{82F35B80-5E7E-4886-8357-2B10163EB40D}.Debug|Any CPU.Build.0 = Debug|Any CPU
		{82F35B80-5E7E-4886-8357-2B10163EB40D}.Release|Any CPU.ActiveCfg = Release|Any CPU
		{82F35B80-5E7E-4886-8357-2B10163EB40D}.Release|Any CPU.Build.0 = Release|Any CPU
	EndGlobalSection
	GlobalSection(SolutionProperties) = preSolution
		HideSolutionNode = FALSE
	EndGlobalSection
	GlobalSection(MonoDevelopProperties) = preSolution
		StartupItem = ServerSent.Tests\ServerSent.Tests.csproj
		Policies = $0
		$0.TextStylePolicy = $1
		$1.FileWidth = 120
		$1.NoTabsAfterNonTabs = True
		$1.EolMarker = Windows
		$1.inheritsSet = VisualStudio
		$1.inheritsScope = text/plain
		$1.scope = text/x-csharp
		$0.CSharpFormattingPolicy = $2
		$2.BeforeMethodDeclarationParentheses = False
		$2.BeforeMethodCallParentheses = False
		$2.BeforeConstructorDeclarationParentheses = False
		$2.BeforeIndexerDeclarationBracket = False
		$2.BeforeDelegateDeclarationParentheses = False
		$2.AfterDelegateDeclarationParameterComma = True
		$2.NewParentheses = False
		$2.SpacesBeforeBrackets = False
		$2.inheritsSet = Mono
		$2.inheritsScope = text/x-csharp
		$2.scope = text/x-csharp
		$0.TextStylePolicy = $3
		$3.FileWidth = 120
		$3.TabWidth = 4
		$3.EolMarker = Windows
		$3.inheritsSet = Mono
		$3.inheritsScope = text/plain
		$3.scope = text/plain
	EndGlobalSection
EndGlobal
